{
  "name": "eurelia-id",
  "version": "1.0.0",
  "lockfileVersion": 3,
  "requires": true,
  "packages": {
    "": {
      "name": "eurelia-id",
      "version": "1.0.0",
      "license": "ISC",
      "dependencies": {
        "eurelia-id": "^1.0.0"
      }
    },
    "node_modules/eurelia-id": {
      "version": "1.0.0",
      "resolved": "https://registry.npmjs.org/eurelia-id/-/eurelia-id-1.0.0.tgz",
      "integrity": "sha512-lXYA83Ab90xBN5W8w7Rs2wgOCbC1q2QvcA7uZs4/Xl8kX8swA9xXUbG6lrfSKK47AZRbwgVo6X01IymrSb+Weg=="
    }
  }
}
